
Microsoft Visual Studio Solution File, Format Version 12.00
# Visual Studio Version 17
VisualStudioVersion = 17.7.34024.191
MinimumVisualStudioVersion = 10.0.40219.1
Project("{9A19103F-16F7-4668-BE54-9A1E7A4F7556}") = "3DViewer.Core", "3DViewer.Core\3DViewer.Core.csproj", "{AB2063D1-7DC3-4FF5-8D98-6296F0AAC2C8}"
EndProject
Project("{9A19103F-16F7-4668-BE54-9A1E7A4F7556}") = "3DViewer.View", "3DViewer.View\3DViewer.View.csproj", "{0C232E11-2C49-4A8F-9021-6A05C837E048}"
EndProject
Global
	GlobalSection(SolutionConfigurationPlatforms) = preSolution
		Debug|Any CPU = Debug|Any CPU
		Release|Any CPU = Release|Any CPU
	EndGlobalSection
	GlobalSection(ProjectConfigurationPlatforms) = postSolution
		{AB2063D1-7DC3-4FF5-8D98-6296F0AAC2C8}.Debug|Any CPU.ActiveCfg = Debug|Any CPU
		{AB2063D1-7DC3-4FF5-8D98-6296F0AAC2C8}.Debug|Any CPU.Build.0 = Debug|Any CPU
		{AB2063D1-7DC3-4FF5-8D98-6296F0AAC2C8}.Release|Any CPU.ActiveCfg = Release|Any CPU
		{AB2063D1-7DC3-4FF5-8D98-6296F0AAC2C8}.Release|Any CPU.Build.0 = Release|Any CPU
		{0C232E11-2C49-4A8F-9021-6A05C837E048}.Debug|Any CPU.ActiveCfg = Debug|Any CPU
		{0C232E11-2C49-4A8F-9021-6A05C837E048}.Debug|Any CPU.Build.0 = Debug|Any CPU
		{0C232E11-2C49-4A8F-9021-6A05C837E048}.Release|Any CPU.ActiveCfg = Release|Any CPU
		{0C232E11-2C49-4A8F-9021-6A05C837E048}.Release|Any CPU.Build.0 = Release|Any CPU
	EndGlobalSection
	GlobalSection(SolutionProperties) = preSolution
		HideSolutionNode = FALSE
	EndGlobalSection
	GlobalSection(ExtensibilityGlobals) = postSolution
		SolutionGuid = {DF3D2985-BDC9-4C82-953E-45CD4F388AE2}
	EndGlobalSection
EndGlobal
